// !$*UTF8*$!
{
	archiveVersion = 1;
	classes = {
	};
	objectVersion = 50;
	objects = {

/* Begin PBXBuildFile section */
		BB3117B3243EDD2A003031BE /* AppDelegate.swift in Sources */ = {isa = PBXBuildFile; fileRef = BB3117B2243EDD2A003031BE /* AppDelegate.swift */; };
		BB3117B5243EDD2A003031BE /* SceneDelegate.swift in Sources */ = {isa = PBXBuildFile; fileRef = BB3117B4243EDD2A003031BE /* SceneDelegate.swift */; };
		BB3117B7243EDD2A003031BE /* ViewController.swift in Sources */ = {isa = PBXBuildFile; fileRef = BB3117B6243EDD2A003031BE /* ViewController.swift */; };
		BB3117BA243EDD2A003031BE /* Main.storyboard in Resources */ = {isa = PBXBuildFile; fileRef = BB3117B8243EDD2A003031BE /* Main.storyboard */; };
		BB3117BC243EDD2D003031BE /* Assets.xcassets in Resources */ = {isa = PBXBuildFile; fileRef = BB3117BB243EDD2D003031BE /* Assets.xcassets */; };
		BB3117BF243EDD2D003031BE /* LaunchScreen.storyboard in Resources */ = {isa = PBXBuildFile; fileRef = BB3117BD243EDD2D003031BE /* LaunchScreen.storyboard */; };
		BB3117CA243EDD2D003031BE /* FizzBuzzTests.swift in Sources */ = {isa = PBXBuildFile; fileRef = BB3117C9243EDD2D003031BE /* FizzBuzzTests.swift */; };
		BB3117D5243EDD2D003031BE /* FizzBuzzUITests.swift in Sources */ = {isa = PBXBuildFile; fileRef = BB3117D4243EDD2D003031BE /* FizzBuzzUITests.swift */; };
		BB3117E3243EE024003031BE /* FizzBuzzEngine.swift in Sources */ = {isa = PBXBuildFile; fileRef = BB3117E2243EE024003031BE /* FizzBuzzEngine.swift */; };
		BB311823243F1F71003031BE /* View.xib in Resources */ = {isa = PBXBuildFile; fileRef = BB311822243F1F71003031BE /* View.xib */; };
		BB8442C224402A5C0015045E /* SecondViewController.swift in Sources */ = {isa = PBXBuildFile; fileRef = BB8442C124402A5C0015045E /* SecondViewController.swift */; };
/* End PBXBuildFile section */

/* Begin PBXContainerItemProxy section */
		BB3117C6243EDD2D003031BE /* PBXContainerItemProxy */ = {
			isa = PBXContainerItemProxy;
			containerPortal = BB3117A7243EDD2A003031BE /* Project object */;
			proxyType = 1;
			remoteGlobalIDString = BB3117AE243EDD2A003031BE;
			remoteInfo = FizzBuzz;
		};
		BB3117D1243EDD2D003031BE /* PBXContainerItemProxy */ = {
			isa = PBXContainerItemProxy;
			containerPortal = BB3117A7243EDD2A003031BE /* Project object */;
			proxyType = 1;
			remoteGlobalIDString = BB3117AE243EDD2A003031BE;
			remoteInfo = FizzBuzz;
		};
/* End PBXContainerItemProxy section */

/* Begin PBXFileReference section */
		BB3117AF243EDD2A003031BE /* FizzBuzz.app */ = {isa = PBXFileReference; explicitFileType = wrapper.application; includeInIndex = 0; path = FizzBuzz.app; sourceTree = BUILT_PRODUCTS_DIR; };
		BB3117B2243EDD2A003031BE /* AppDelegate.swift */ = {isa = PBXFileReference; lastKnownFileType = sourcecode.swift; path = AppDelegate.swift; sourceTree = "<group>"; };
		BB3117B4243EDD2A003031BE /* SceneDelegate.swift */ = {isa = PBXFileReference; lastKnownFileType = sourcecode.swift; path = SceneDelegate.swift; sourceTree = "<group>"; };
		BB3117B6243EDD2A003031BE /* ViewController.swift */ = {isa = PBXFileReference; lastKnownFileType = sourcecode.swift; path = ViewController.swift; sourceTree = "<group>"; };
		BB3117B9243EDD2A003031BE /* Base */ = {isa = PBXFileReference; lastKnownFileType = file.storyboard; name = Base; path = Base.lproj/Main.storyboard; sourceTree = "<group>"; };
		BB3117BB243EDD2D003031BE /* Assets.xcassets */ = {isa = PBXFileReference; lastKnownFileType = folder.assetcatalog; path = Assets.xcassets; sourceTree = "<group>"; };
		BB3117BE243EDD2D003031BE /* Base */ = {isa = PBXFileReference; lastKnownFileType = file.storyboard; name = Base; path = Base.lproj/LaunchScreen.storyboard; sourceTree = "<group>"; };
		BB3117C0243EDD2D003031BE /* Info.plist */ = {isa = PBXFileReference; lastKnownFileType = text.plist.xml; path = Info.plist; sourceTree = "<group>"; };
		BB3117C5243EDD2D003031BE /* FizzBuzzTests.xctest */ = {isa = PBXFileReference; explicitFileType = wrapper.cfbundle; includeInIndex = 0; path = FizzBuzzTests.xctest; sourceTree = BUILT_PRODUCTS_DIR; };
		BB3117C9243EDD2D003031BE /* FizzBuzzTests.swift */ = {isa = PBXFileReference; lastKnownFileType = sourcecode.swift; path = FizzBuzzTests.swift; sourceTree = "<group>"; };
		BB3117CB243EDD2D003031BE /* Info.plist */ = {isa = PBXFileReference; lastKnownFileType = text.plist.xml; path = Info.plist; sourceTree = "<group>"; };
		BB3117D0243EDD2D003031BE /* FizzBuzzUITests.xctest */ = {isa = PBXFileReference; explicitFileType = wrapper.cfbundle; includeInIndex = 0; path = FizzBuzzUITests.xctest; sourceTree = BUILT_PRODUCTS_DIR; };
		BB3117D4243EDD2D003031BE /* FizzBuzzUITests.swift */ = {isa = PBXFileReference; lastKnownFileType = sourcecode.swift; path = FizzBuzzUITests.swift; sourceTree = "<group>"; };
		BB3117D6243EDD2D003031BE /* Info.plist */ = {isa = PBXFileReference; lastKnownFileType = text.plist.xml; path = Info.plist; sourceTree = "<group>"; };
		BB3117E2243EE024003031BE /* FizzBuzzEngine.swift */ = {isa = PBXFileReference; lastKnownFileType = sourcecode.swift; path = FizzBuzzEngine.swift; sourceTree = "<group>"; };
		BB311822243F1F71003031BE /* View.xib */ = {isa = PBXFileReference; lastKnownFileType = file.xib; path = View.xib; sourceTree = "<group>"; };
		BB8442C124402A5C0015045E /* SecondViewController.swift */ = {isa = PBXFileReference; lastKnownFileType = sourcecode.swift; path = SecondViewController.swift; sourceTree = "<group>"; };
/* End PBXFileReference section */

/* Begin PBXFrameworksBuildPhase section */
		BB3117AC243EDD2A003031BE /* Frameworks */ = {
			isa = PBXFrameworksBuildPhase;
			buildActionMask = 2147483647;
			files = (
			);
			runOnlyForDeploymentPostprocessing = 0;
		};
		BB3117C2243EDD2D003031BE /* Frameworks */ = {
			isa = PBXFrameworksBuildPhase;
			buildActionMask = 2147483647;
			files = (
			);
			runOnlyForDeploymentPostprocessing = 0;
		};
		BB3117CD243EDD2D003031BE /* Frameworks */ = {
			isa = PBXFrameworksBuildPhase;
			buildActionMask = 2147483647;
			files = (
			);
			runOnlyForDeploymentPostprocessing = 0;
		};
/* End PBXFrameworksBuildPhase section */

/* Begin PBXGroup section */
		BB3117A6243EDD2A003031BE = {
			isa = PBXGroup;
			children = (
				BB3117B1243EDD2A003031BE /* FizzBuzz */,
				BB3117C8243EDD2D003031BE /* FizzBuzzTests */,
				BB3117D3243EDD2D003031BE /* FizzBuzzUITests */,
				BB3117B0243EDD2A003031BE /* Products */,
			);
			sourceTree = "<group>";
		};
		BB3117B0243EDD2A003031BE /* Products */ = {
			isa = PBXGroup;
			children = (
				BB3117AF243EDD2A003031BE /* FizzBuzz.app */,
				BB3117C5243EDD2D003031BE /* FizzBuzzTests.xctest */,
				BB3117D0243EDD2D003031BE /* FizzBuzzUITests.xctest */,
			);
			name = Products;
			sourceTree = "<group>";
		};
		BB3117B1243EDD2A003031BE /* FizzBuzz */ = {
			isa = PBXGroup;
			children = (
				BB3117B2243EDD2A003031BE /* AppDelegate.swift */,
				BB3117B4243EDD2A003031BE /* SceneDelegate.swift */,
				BB3117B6243EDD2A003031BE /* ViewController.swift */,
				BB3117B8243EDD2A003031BE /* Main.storyboard */,
				BB3117BB243EDD2D003031BE /* Assets.xcassets */,
				BB311822243F1F71003031BE /* View.xib */,
				BB8442C124402A5C0015045E /* SecondViewController.swift */,
				BB3117E2243EE024003031BE /* FizzBuzzEngine.swift */,
				BB3117BD243EDD2D003031BE /* LaunchScreen.storyboard */,
				BB3117C0243EDD2D003031BE /* Info.plist */,
			);
			path = FizzBuzz;
			sourceTree = "<group>";
		};
		BB3117C8243EDD2D003031BE /* FizzBuzzTests */ = {
			isa = PBXGroup;
			children = (
				BB3117C9243EDD2D003031BE /* FizzBuzzTests.swift */,
				BB3117CB243EDD2D003031BE /* Info.plist */,
			);
			path = FizzBuzzTests;
			sourceTree = "<group>";
		};
		BB3117D3243EDD2D003031BE /* FizzBuzzUITests */ = {
			isa = PBXGroup;
			children = (
				BB3117D4243EDD2D003031BE /* FizzBuzzUITests.swift */,
				BB3117D6243EDD2D003031BE /* Info.plist */,
			);
			path = FizzBuzzUITests;
			sourceTree = "<group>";
		};
/* End PBXGroup section */

/* Begin PBXNativeTarget section */
		BB3117AE243EDD2A003031BE /* FizzBuzz */ = {
			isa = PBXNativeTarget;
			buildConfigurationList = BB3117D9243EDD2D003031BE /* Build configuration list for PBXNativeTarget "FizzBuzz" */;
			buildPhases = (
				BB3117AB243EDD2A003031BE /* Sources */,
				BB3117AC243EDD2A003031BE /* Frameworks */,
				BB3117AD243EDD2A003031BE /* Resources */,
			);
			buildRules = (
			);
			dependencies = (
			);
			name = FizzBuzz;
			productName = FizzBuzz;
			productReference = BB3117AF243EDD2A003031BE /* FizzBuzz.app */;
			productType = "com.apple.product-type.application";
		};
		BB3117C4243EDD2D003031BE /* FizzBuzzTests */ = {
			isa = PBXNativeTarget;
			buildConfigurationList = BB3117DC243EDD2D003031BE /* Build configuration list for PBXNativeTarget "FizzBuzzTests" */;
			buildPhases = (
				BB3117C1243EDD2D003031BE /* Sources */,
				BB3117C2243EDD2D003031BE /* Frameworks */,
				BB3117C3243EDD2D003031BE /* Resources */,
			);
			buildRules = (
			);
			dependencies = (
				BB3117C7243EDD2D003031BE /* PBXTargetDependency */,
			);
			name = FizzBuzzTests;
			productName = FizzBuzzTests;
			productReference = BB3117C5243EDD2D003031BE /* FizzBuzzTests.xctest */;
			productType = "com.apple.product-type.bundle.unit-test";
		};
		BB3117CF243EDD2D003031BE /* FizzBuzzUITests */ = {
			isa = PBXNativeTarget;
			buildConfigurationList = BB3117DF243EDD2D003031BE /* Build configuration list for PBXNativeTarget "FizzBuzzUITests" */;
			buildPhases = (
				BB3117CC243EDD2D003031BE /* Sources */,
				BB3117CD243EDD2D003031BE /* Frameworks */,
				BB3117CE243EDD2D003031BE /* Resources */,
			);
			buildRules = (
			);
			dependencies = (
				BB3117D2243EDD2D003031BE /* PBXTargetDependency */,
			);
			name = FizzBuzzUITests;
			productName = FizzBuzzUITests;
			productReference = BB3117D0243EDD2D003031BE /* FizzBuzzUITests.xctest */;
			productType = "com.apple.product-type.bundle.ui-testing";
		};
/* End PBXNativeTarget section */

/* Begin PBXProject section */
		BB3117A7243EDD2A003031BE /* Project object */ = {
			isa = PBXProject;
			attributes = {
				LastSwiftUpdateCheck = 1130;
				LastUpgradeCheck = 1130;
				ORGANIZATIONNAME = "Siroratt Suntronsuk";
				TargetAttributes = {
					BB3117AE243EDD2A003031BE = {
						CreatedOnToolsVersion = 11.3.1;
					};
					BB3117C4243EDD2D003031BE = {
						CreatedOnToolsVersion = 11.3.1;
						TestTargetID = BB3117AE243EDD2A003031BE;
					};
					BB3117CF243EDD2D003031BE = {
						CreatedOnToolsVersion = 11.3.1;
						TestTargetID = BB3117AE243EDD2A003031BE;
					};
				};
			};
			buildConfigurationList = BB3117AA243EDD2A003031BE /* Build configuration list for PBXProject "FizzBuzz" */;
			compatibilityVersion = "Xcode 9.3";
			developmentRegion = en;
			hasScannedForEncodings = 0;
			knownRegions = (
				en,
				Base,
			);
			mainGroup = BB3117A6243EDD2A003031BE;
			productRefGroup = BB3117B0243EDD2A003031BE /* Products */;
			projectDirPath = "";
			projectRoot = "";
			targets = (
				BB3117AE243EDD2A003031BE /* FizzBuzz */,
				BB3117C4243EDD2D003031BE /* FizzBuzzTests */,
				BB3117CF243EDD2D003031BE /* FizzBuzzUITests */,
			);
		};
/* End PBXProject section */

/* Begin PBXResourcesBuildPhase section */
		BB3117AD243EDD2A003031BE /* Resources */ = {
			isa = PBXResourcesBuildPhase;
			buildActionMask = 2147483647;
			files = (
				BB311823243F1F71003031BE /* View.xib in Resources */,
				BB3117BF243EDD2D003031BE /* LaunchScreen.storyboard in Resources */,
				BB3117BC243EDD2D003031BE /* Assets.xcassets in Resources */,
				BB3117BA243EDD2A003031BE /* Main.storyboard in Resources */,
			);
			runOnlyForDeploymentPostprocessing = 0;
		};
		BB3117C3243EDD2D003031BE /* Resources */ = {
			isa = PBXResourcesBuildPhase;
			buildActionMask = 2147483647;
			files = (
			);
			runOnlyForDeploymentPostprocessing = 0;
		};
		BB3117CE243EDD2D003031BE /* Resources */ = {
			isa = PBXResourcesBuildPhase;
			buildActionMask = 2147483647;
			files = (
			);
			runOnlyForDeploymentPostprocessing = 0;
		};
/* End PBXResourcesBuildPhase section */

/* Begin PBXSourcesBuildPhase section */
		BB3117AB243EDD2A003031BE /* Sources */ = {
			isa = PBXSourcesBuildPhase;
			buildActionMask = 2147483647;
			files = (
				BB3117B7243EDD2A003031BE /* ViewController.swift in Sources */,
				BB3117E3243EE024003031BE /* FizzBuzzEngine.swift in Sources */,
				BB3117B3243EDD2A003031BE /* AppDelegate.swift in Sources */,
				BB8442C224402A5C0015045E /* SecondViewController.swift in Sources */,
				BB3117B5243EDD2A003031BE /* SceneDelegate.swift in Sources */,
			);
			runOnlyForDeploymentPostprocessing = 0;
		};
		BB3117C1243EDD2D003031BE /* Sources */ = {
			isa = PBXSourcesBuildPhase;
			buildActionMask = 2147483647;
			files = (
				BB3117CA243EDD2D003031BE /* FizzBuzzTests.swift in Sources */,
			);
			runOnlyForDeploymentPostprocessing = 0;
		};
		BB3117CC243EDD2D003031BE /* Sources */ = {
			isa = PBXSourcesBuildPhase;
			buildActionMask = 2147483647;
			files = (
				BB3117D5243EDD2D003031BE /* FizzBuzzUITests.swift in Sources */,
			);
			runOnlyForDeploymentPostprocessing = 0;
		};
/* End PBXSourcesBuildPhase section */

/* Begin PBXTargetDependency section */
		BB3117C7243EDD2D003031BE /* PBXTargetDependency */ = {
			isa = PBXTargetDependency;
			target = BB3117AE243EDD2A003031BE /* FizzBuzz */;
			targetProxy = BB3117C6243EDD2D003031BE /* PBXContainerItemProxy */;
		};
		BB3117D2243EDD2D003031BE /* PBXTargetDependency */ = {
			isa = PBXTargetDependency;
			target = BB3117AE243EDD2A003031BE /* FizzBuzz */;
			targetProxy = BB3117D1243EDD2D003031BE /* PBXContainerItemProxy */;
		};
/* End PBXTargetDependency section */

/* Begin PBXVariantGroup section */
		BB3117B8243EDD2A003031BE /* Main.storyboard */ = {
			isa = PBXVariantGroup;
			children = (
				BB3117B9243EDD2A003031BE /* Base */,
			);
			name = Main.storyboard;
			sourceTree = "<group>";
		};
		BB3117BD243EDD2D003031BE /* LaunchScreen.storyboard */ = {
			isa = PBXVariantGroup;
			children = (
				BB3117BE243EDD2D003031BE /* Base */,
			);
			name = LaunchScreen.storyboard;
			sourceTree = "<group>";
		};
/* End PBXVariantGroup section */

/* Begin XCBuildConfiguration section */
		BB3117D7243EDD2D003031BE /* Debug */ = {
			isa = XCBuildConfiguration;
			buildSettings = {
				ALWAYS_SEARCH_USER_PATHS = NO;
				CLANG_ANALYZER_NONNULL = YES;
				CLANG_ANALYZER_NUMBER_OBJECT_CONVERSION = YES_AGGRESSIVE;
				CLANG_CXX_LANGUAGE_STANDARD = "gnu++14";
				CLANG_CXX_LIBRARY = "libc++";
				CLANG_ENABLE_MODULES = YES;
				CLANG_ENABLE_OBJC_ARC = YES;
				CLANG_ENABLE_OBJC_WEAK = YES;
				CLANG_WARN_BLOCK_CAPTURE_AUTORELEASING = YES;
				CLANG_WARN_BOOL_CONVERSION = YES;
				CLANG_WARN_COMMA = YES;
				CLANG_WARN_CONSTANT_CONVERSION = YES;
				CLANG_WARN_DEPRECATED_OBJC_IMPLEMENTATIONS = YES;
				CLANG_WARN_DIRECT_OBJC_ISA_USAGE = YES_ERROR;
				CLANG_WARN_DOCUMENTATION_COMMENTS = YES;
				CLANG_WARN_EMPTY_BODY = YES;
				CLANG_WARN_ENUM_CONVERSION = YES;
				CLANG_WARN_INFINITE_RECURSION = YES;
				CLANG_WARN_INT_CONVERSION = YES;
				CLANG_WARN_NON_LITERAL_NULL_CONVERSION = YES;
				CLANG_WARN_OBJC_IMPLICIT_RETAIN_SELF = YES;
				CLANG_WARN_OBJC_LITERAL_CONVERSION = YES;
				CLANG_WARN_OBJC_ROOT_CLASS = YES_ERROR;
				CLANG_WARN_RANGE_LOOP_ANALYSIS = YES;
				CLANG_WARN_STRICT_PROTOTYPES = YES;
				CLANG_WARN_SUSPICIOUS_MOVE = YES;
				CLANG_WARN_UNGUARDED_AVAILABILITY = YES_AGGRESSIVE;
				CLANG_WARN_UNREACHABLE_CODE = YES;
				CLANG_WARN__DUPLICATE_METHOD_MATCH = YES;
				COPY_PHASE_STRIP = NO;
				DEBUG_INFORMATION_FORMAT = dwarf;
				ENABLE_STRICT_OBJC_MSGSEND = YES;
				ENABLE_TESTABILITY = YES;
				GCC_C_LANGUAGE_STANDARD = gnu11;
				GCC_DYNAMIC_NO_PIC = NO;
				GCC_NO_COMMON_BLOCKS = YES;
				GCC_OPTIMIZATION_LEVEL = 0;
				GCC_PREPROCESSOR_DEFINITIONS = (
					"DEBUG=1",
					"$(inherited)",
				);
				GCC_WARN_64_TO_32_BIT_CONVERSION = YES;
				GCC_WARN_ABOUT_RETURN_TYPE = YES_ERROR;
				GCC_WARN_UNDECLARED_SELECTOR = YES;
				GCC_WARN_UNINITIALIZED_AUTOS = YES_AGGRESSIVE;
				GCC_WARN_UNUSED_FUNCTION = YES;
				GCC_WARN_UNUSED_VARIABLE = YES;
				IPHONEOS_DEPLOYMENT_TARGET = 13.2;
				MTL_ENABLE_DEBUG_INFO = INCLUDE_SOURCE;
				MTL_FAST_MATH = YES;
				ONLY_ACTIVE_ARCH = YES;
				SDKROOT = iphoneos;
				SWIFT_ACTIVE_COMPILATION_CONDITIONS = DEBUG;
				SWIFT_OPTIMIZATION_LEVEL = "-Onone";
			};
			name = Debug;
		};
		BB3117D8243EDD2D003031BE /* Release */ = {
			isa = XCBuildConfiguration;
			buildSettings = {
				ALWAYS_SEARCH_USER_PATHS = NO;
				CLANG_ANALYZER_NONNULL = YES;
				CLANG_ANALYZER_NUMBER_OBJECT_CONVERSION = YES_AGGRESSIVE;
				CLANG_CXX_LANGUAGE_STANDARD = "gnu++14";
				CLANG_CXX_LIBRARY = "libc++";
				CLANG_ENABLE_MODULES = YES;
				CLANG_ENABLE_OBJC_ARC = YES;
				CLANG_ENABLE_OBJC_WEAK = YES;
				CLANG_WARN_BLOCK_CAPTURE_AUTORELEASING = YES;
				CLANG_WARN_BOOL_CONVERSION = YES;
				CLANG_WARN_COMMA = YES;
				CLANG_WARN_CONSTANT_CONVERSION = YES;
				CLANG_WARN_DEPRECATED_OBJC_IMPLEMENTATIONS = YES;
				CLANG_WARN_DIRECT_OBJC_ISA_USAGE = YES_ERROR;
				CLANG_WARN_DOCUMENTATION_COMMENTS = YES;
				CLANG_WARN_EMPTY_BODY = YES;
				CLANG_WARN_ENUM_CONVERSION = YES;
				CLANG_WARN_INFINITE_RECURSION = YES;
				CLANG_WARN_INT_CONVERSION = YES;
				CLANG_WARN_NON_LITERAL_NULL_CONVERSION = YES;
				CLANG_WARN_OBJC_IMPLICIT_RETAIN_SELF = YES;
				CLANG_WARN_OBJC_LITERAL_CONVERSION = YES;
				CLANG_WARN_OBJC_ROOT_CLASS = YES_ERROR;
				CLANG_WARN_RANGE_LOOP_ANALYSIS = YES;
				CLANG_WARN_STRICT_PROTOTYPES = YES;
				CLANG_WARN_SUSPICIOUS_MOVE = YES;
				CLANG_WARN_UNGUARDED_AVAILABILITY = YES_AGGRESSIVE;
				CLANG_WARN_UNREACHABLE_CODE = YES;
				CLANG_WARN__DUPLICATE_METHOD_MATCH = YES;
				COPY_PHASE_STRIP = NO;
				DEBUG_INFORMATION_FORMAT = "dwarf-with-dsym";
				ENABLE_NS_ASSERTIONS = NO;
				ENABLE_STRICT_OBJC_MSGSEND = YES;
				GCC_C_LANGUAGE_STANDARD = gnu11;
				GCC_NO_COMMON_BLOCKS = YES;
				GCC_WARN_64_TO_32_BIT_CONVERSION = YES;
				GCC_WARN_ABOUT_RETURN_TYPE = YES_ERROR;
				GCC_WARN_UNDECLARED_SELECTOR = YES;
				GCC_WARN_UNINITIALIZED_AUTOS = YES_AGGRESSIVE;
				GCC_WARN_UNUSED_FUNCTION = YES;
				GCC_WARN_UNUSED_VARIABLE = YES;
				IPHONEOS_DEPLOYMENT_TARGET = 13.2;
				MTL_ENABLE_DEBUG_INFO = NO;
				MTL_FAST_MATH = YES;
				SDKROOT = iphoneos;
				SWIFT_COMPILATION_MODE = wholemodule;
				SWIFT_OPTIMIZATION_LEVEL = "-O";
				VALIDATE_PRODUCT = YES;
			};
			name = Release;
		};
		BB3117DA243EDD2D003031BE /* Debug */ = {
			isa = XCBuildConfiguration;
			buildSettings = {
				ASSETCATALOG_COMPILER_APPICON_NAME = AppIcon;
				CODE_SIGN_STYLE = Automatic;
				INFOPLIST_FILE = FizzBuzz/Info.plist;
				LD_RUNPATH_SEARCH_PATHS = (
					"$(inherited)",
					"@executable_path/Frameworks",
				);
				MARKETING_VERSION = 1.0.0;
				PRODUCT_BUNDLE_IDENTIFIER = "ann-ja.FizzBuzz";
				PRODUCT_NAME = "$(TARGET_NAME)";
				SWIFT_VERSION = 5.0;
				TARGETED_DEVICE_FAMILY = "1,2";
			};
			name = Debug;
		};
		BB3117DB243EDD2D003031BE /* Release */ = {
			isa = XCBuildConfiguration;
			buildSettings = {
				ASSETCATALOG_COMPILER_APPICON_NAME = AppIcon;
				CODE_SIGN_STYLE = Automatic;
				INFOPLIST_FILE = FizzBuzz/Info.plist;
				LD_RUNPATH_SEARCH_PATHS = (
					"$(inherited)",
					"@executable_path/Frameworks",
				);
				MARKETING_VERSION = 1.0.0;
				PRODUCT_BUNDLE_IDENTIFIER = "ann-ja.FizzBuzz";
				PRODUCT_NAME = "$(TARGET_NAME)";
				SWIFT_VERSION = 5.0;
				TARGETED_DEVICE_FAMILY = "1,2";
			};
			name = Release;
		};
		BB3117DD243EDD2D003031BE /* Debug */ = {
			isa = XCBuildConfiguration;
			buildSettings = {
				ALWAYS_EMBED_SWIFT_STANDARD_LIBRARIES = YES;
				BUNDLE_LOADER = "$(TEST_HOST)";
				CODE_SIGN_STYLE = Automatic;
				INFOPLIST_FILE = FizzBuzzTests/Info.plist;
				IPHONEOS_DEPLOYMENT_TARGET = 13.2;
				LD_RUNPATH_SEARCH_PATHS = (
					"$(inherited)",
					"@executable_path/Frameworks",
					"@loader_path/Frameworks",
				);
				PRODUCT_BUNDLE_IDENTIFIER = "ann-ja.FizzBuzzTests";
				PRODUCT_NAME = "$(TARGET_NAME)";
				SWIFT_VERSION = 5.0;
				TARGETED_DEVICE_FAMILY = "1,2";
				TEST_HOST = "$(BUILT_PRODUCTS_DIR)/FizzBuzz.app/FizzBuzz";
			};
			name = Debug;
		};
		BB3117DE243EDD2D003031BE /* Release */ = {
			isa = XCBuildConfiguration;
			buildSettings = {
				ALWAYS_EMBED_SWIFT_STANDARD_LIBRARIES = YES;
				BUNDLE_LOADER = "$(TEST_HOST)";
				CODE_SIGN_STYLE = Automatic;
				INFOPLIST_FILE = FizzBuzzTests/Info.plist;
				IPHONEOS_DEPLOYMENT_TARGET = 13.2;
				LD_RUNPATH_SEARCH_PATHS = (
					"$(inherited)",
					"@executable_path/Frameworks",
					"@loader_path/Frameworks",
				);
				PRODUCT_BUNDLE_IDENTIFIER = "ann-ja.FizzBuzzTests";
				PRODUCT_NAME = "$(TARGET_NAME)";
				SWIFT_VERSION = 5.0;
				TARGETED_DEVICE_FAMILY = "1,2";
				TEST_HOST = "$(BUILT_PRODUCTS_DIR)/FizzBuzz.app/FizzBuzz";
			};
			name = Release;
		};
		BB3117E0243EDD2D003031BE /* Debug */ = {
			isa = XCBuildConfiguration;
			buildSettings = {
				ALWAYS_EMBED_SWIFT_STANDARD_LIBRARIES = YES;
				CODE_SIGN_STYLE = Automatic;
				INFOPLIST_FILE = FizzBuzzUITests/Info.plist;
				LD_RUNPATH_SEARCH_PATHS = (
					"$(inherited)",
					"@executable_path/Frameworks",
					"@loader_path/Frameworks",
				);
				PRODUCT_BUNDLE_IDENTIFIER = "ann-ja.FizzBuzzUITests";
				PRODUCT_NAME = "$(TARGET_NAME)";
				SWIFT_VERSION = 5.0;
				TARGETED_DEVICE_FAMILY = "1,2";
				TEST_TARGET_NAME = FizzBuzz;
			};
			name = Debug;
		};
		BB3117E1243EDD2D003031BE /* Release */ = {
			isa = XCBuildConfiguration;
			buildSettings = {
				ALWAYS_EMBED_SWIFT_STANDARD_LIBRARIES = YES;
				CODE_SIGN_STYLE = Automatic;
				INFOPLIST_FILE = FizzBuzzUITests/Info.plist;
				LD_RUNPATH_SEARCH_PATHS = (
					"$(inherited)",
					"@executable_path/Frameworks",
					"@loader_path/Frameworks",
				);
				PRODUCT_BUNDLE_IDENTIFIER = "ann-ja.FizzBuzzUITests";
				PRODUCT_NAME = "$(TARGET_NAME)";
				SWIFT_VERSION = 5.0;
				TARGETED_DEVICE_FAMILY = "1,2";
				TEST_TARGET_NAME = FizzBuzz;
			};
			name = Release;
		};
/* End XCBuildConfiguration section */

/* Begin XCConfigurationList section */
		BB3117AA243EDD2A003031BE /* Build configuration list for PBXProject "FizzBuzz" */ = {
			isa = XCConfigurationList;
			buildConfigurations = (
				BB3117D7243EDD2D003031BE /* Debug */,
				BB3117D8243EDD2D003031BE /* Release */,
			);
			defaultConfigurationIsVisible = 0;
			defaultConfigurationName = Release;
		};
		BB3117D9243EDD2D003031BE /* Build configuration list for PBXNativeTarget "FizzBuzz" */ = {
			isa = XCConfigurationList;
			buildConfigurations = (
				BB3117DA243EDD2D003031BE /* Debug */,
				BB3117DB243EDD2D003031BE /* Release */,
			);
			defaultConfigurationIsVisible = 0;
			defaultConfigurationName = Release;
		};
		BB3117DC243EDD2D003031BE /* Build configuration list for PBXNativeTarget "FizzBuzzTests" */ = {
			isa = XCConfigurationList;
			buildConfigurations = (
				BB3117DD243EDD2D003031BE /* Debug */,
				BB3117DE243EDD2D003031BE /* Release */,
			);
			defaultConfigurationIsVisible = 0;
			defaultConfigurationName = Release;
		};
		BB3117DF243EDD2D003031BE /* Build configuration list for PBXNativeTarget "FizzBuzzUITests" */ = {
			isa = XCConfigurationList;
			buildConfigurations = (
				BB3117E0243EDD2D003031BE /* Debug */,
				BB3117E1243EDD2D003031BE /* Release */,
			);
			defaultConfigurationIsVisible = 0;
			defaultConfigurationName = Release;
		};
/* End XCConfigurationList section */
	};
	rootObject = BB3117A7243EDD2A003031BE /* Project object */;
}
